// !$*UTF8*$!
{
	archiveVersion = 1;
	classes = {
	};
	objectVersion = 46;
	objects = {

/* Begin PBXBuildFile section */
		2E07125914D75D3900F208F6 /* UIButtonBarRefresh.png in Resources */ = {isa = PBXBuildFile; fileRef = 2E07125814D75D3900F208F6 /* UIButtonBarRefresh.png */; };
		2E12A8EF14C7816300A261A0 /* BonjourMadameApi.m in Sources */ = {isa = PBXBuildFile; fileRef = 2E12A8EE14C7816300A261A0 /* BonjourMadameApi.m */; };
		2E33E52014C8A072009C986D /* Constants.m in Sources */ = {isa = PBXBuildFile; fileRef = 2E33E51F14C8A072009C986D /* Constants.m */; };
		2E3BF2FC14E8306C00C4DA26 /* HorizontalTableCell.m in Sources */ = {isa = PBXBuildFile; fileRef = 2E3BF2F914E8306C00C4DA26 /* HorizontalTableCell.m */; };
		2E3BF2FD14E8306C00C4DA26 /* MadameCell.m in Sources */ = {isa = PBXBuildFile; fileRef = 2E3BF2FB14E8306C00C4DA26 /* MadameCell.m */; };
		2E3BF30F14E830FA00C4DA26 /* EGORefreshTableHeaderView.m in Sources */ = {isa = PBXBuildFile; fileRef = 2E3BF30514E830FA00C4DA26 /* EGORefreshTableHeaderView.m */; };
		2E3BF31014E830FA00C4DA26 /* blackArrow.png in Resources */ = {isa = PBXBuildFile; fileRef = 2E3BF30714E830FA00C4DA26 /* blackArrow.png */; };
		2E3BF31114E830FA00C4DA26 /* blackArrow@2x.png in Resources */ = {isa = PBXBuildFile; fileRef = 2E3BF30814E830FA00C4DA26 /* blackArrow@2x.png */; };
		2E3BF31214E830FA00C4DA26 /* blueArrow.png in Resources */ = {isa = PBXBuildFile; fileRef = 2E3BF30914E830FA00C4DA26 /* blueArrow.png */; };
		2E3BF31314E830FA00C4DA26 /* blueArrow@2x.png in Resources */ = {isa = PBXBuildFile; fileRef = 2E3BF30A14E830FA00C4DA26 /* blueArrow@2x.png */; };
		2E3BF31414E830FA00C4DA26 /* grayArrow.png in Resources */ = {isa = PBXBuildFile; fileRef = 2E3BF30B14E830FA00C4DA26 /* grayArrow.png */; };
		2E3BF31514E830FA00C4DA26 /* grayArrow@2x.png in Resources */ = {isa = PBXBuildFile; fileRef = 2E3BF30C14E830FA00C4DA26 /* grayArrow@2x.png */; };
		2E3BF31614E830FA00C4DA26 /* whiteArrow.png in Resources */ = {isa = PBXBuildFile; fileRef = 2E3BF30D14E830FA00C4DA26 /* whiteArrow.png */; };
		2E3BF31714E830FA00C4DA26 /* whiteArrow@2x.png in Resources */ = {isa = PBXBuildFile; fileRef = 2E3BF30E14E830FA00C4DA26 /* whiteArrow@2x.png */; };
		2E3BF31914E835CF00C4DA26 /* QuartzCore.framework in Frameworks */ = {isa = PBXBuildFile; fileRef = 2E3BF31814E835CF00C4DA26 /* QuartzCore.framework */; };
		2E4F657814C0E18D00A7E4E3 /* ar.jpg in Resources */ = {isa = PBXBuildFile; fileRef = 2E4F657014C0E18D00A7E4E3 /* ar.jpg */; };
		2E4F657914C0E18D00A7E4E3 /* asiat.jpg in Resources */ = {isa = PBXBuildFile; fileRef = 2E4F657114C0E18D00A7E4E3 /* asiat.jpg */; };
		2E4F657A14C0E18D00A7E4E3 /* bc.jpg in Resources */ = {isa = PBXBuildFile; fileRef = 2E4F657214C0E18D00A7E4E3 /* bc.jpg */; };
		2E4F657B14C0E18D00A7E4E3 /* bm.jpg in Resources */ = {isa = PBXBuildFile; fileRef = 2E4F657314C0E18D00A7E4E3 /* bm.jpg */; };
		2E4F657C14C0E18D00A7E4E3 /* BMA.jpg in Resources */ = {isa = PBXBuildFile; fileRef = 2E4F657414C0E18D00A7E4E3 /* BMA.jpg */; };
		2E4F657D14C0E18D00A7E4E3 /* bt.jpg in Resources */ = {isa = PBXBuildFile; fileRef = 2E4F657514C0E18D00A7E4E3 /* bt.jpg */; };
		2E4F657E14C0E18D00A7E4E3 /* db.jpg in Resources */ = {isa = PBXBuildFile; fileRef = 2E4F657614C0E18D00A7E4E3 /* db.jpg */; };
		2E4F657F14C0E18D00A7E4E3 /* dd.jpeg in Resources */ = {isa = PBXBuildFile; fileRef = 2E4F657714C0E18D00A7E4E3 /* dd.jpeg */; };
		2E5D726314CE0FF9009B867D /* blank.jpg in Resources */ = {isa = PBXBuildFile; fileRef = 2E5D726214CE0FF9009B867D /* blank.jpg */; };
		2E8AAF2314C0D2EA00891B40 /* UIKit.framework in Frameworks */ = {isa = PBXBuildFile; fileRef = 2E8AAF2214C0D2EA00891B40 /* UIKit.framework */; };
		2E8AAF2514C0D2EA00891B40 /* Foundation.framework in Frameworks */ = {isa = PBXBuildFile; fileRef = 2E8AAF2414C0D2EA00891B40 /* Foundation.framework */; };
		2E8AAF2714C0D2EA00891B40 /* CoreGraphics.framework in Frameworks */ = {isa = PBXBuildFile; fileRef = 2E8AAF2614C0D2EA00891B40 /* CoreGraphics.framework */; };
		2E8AAF2D14C0D2EA00891B40 /* InfoPlist.strings in Resources */ = {isa = PBXBuildFile; fileRef = 2E8AAF2B14C0D2EA00891B40 /* InfoPlist.strings */; };
		2E8AAF2F14C0D2EA00891B40 /* main.m in Sources */ = {isa = PBXBuildFile; fileRef = 2E8AAF2E14C0D2EA00891B40 /* main.m */; };
		2E8AAF3314C0D2EA00891B40 /* HGAppDelegate.m in Sources */ = {isa = PBXBuildFile; fileRef = 2E8AAF3214C0D2EA00891B40 /* HGAppDelegate.m */; };
		2E8AAF3614C0D2EA00891B40 /* MainStoryboard_iPhone.storyboard in Resources */ = {isa = PBXBuildFile; fileRef = 2E8AAF3414C0D2EA00891B40 /* MainStoryboard_iPhone.storyboard */; };
		2E8AAF3914C0D2EA00891B40 /* MainStoryboard_iPad.storyboard in Resources */ = {isa = PBXBuildFile; fileRef = 2E8AAF3714C0D2EA00891B40 /* MainStoryboard_iPad.storyboard */; };
		2E8AAF3C14C0D2EA00891B40 /* HGFirstViewController.m in Sources */ = {isa = PBXBuildFile; fileRef = 2E8AAF3B14C0D2EA00891B40 /* HGFirstViewController.m */; };
		2E8AAF3E14C0D2EA00891B40 /* first.png in Resources */ = {isa = PBXBuildFile; fileRef = 2E8AAF3D14C0D2EA00891B40 /* first.png */; };
		2E8AAF4014C0D2EA00891B40 /* first@2x.png in Resources */ = {isa = PBXBuildFile; fileRef = 2E8AAF3F14C0D2EA00891B40 /* first@2x.png */; };
		2E8AAF4314C0D2EA00891B40 /* HGSecondViewController.m in Sources */ = {isa = PBXBuildFile; fileRef = 2E8AAF4214C0D2EA00891B40 /* HGSecondViewController.m */; };
		2E8AAF4514C0D2EA00891B40 /* second.png in Resources */ = {isa = PBXBuildFile; fileRef = 2E8AAF4414C0D2EA00891B40 /* second.png */; };
		2E8AAF4714C0D2EA00891B40 /* second@2x.png in Resources */ = {isa = PBXBuildFile; fileRef = 2E8AAF4614C0D2EA00891B40 /* second@2x.png */; };
		2EB9E3A314C4B9EC00539073 /* HelloApi.m in Sources */ = {isa = PBXBuildFile; fileRef = 2EB9E3A214C4B9EC00539073 /* HelloApi.m */; };
		2EB9E3A714C4C41E00539073 /* XPathQuery.m in Sources */ = {isa = PBXBuildFile; fileRef = 2EB9E3A614C4C41E00539073 /* XPathQuery.m */; };
		2EB9E3B014C4CBF100539073 /* libxml2.2.dylib in Frameworks */ = {isa = PBXBuildFile; fileRef = 2EB9E3AF14C4CBF100539073 /* libxml2.2.dylib */; };
		2ECA433014C8D9F900562E40 /* BonsoirMadamoiselleApi.m in Sources */ = {isa = PBXBuildFile; fileRef = 2ECA432F14C8D9F900562E40 /* BonsoirMadamoiselleApi.m */; };
		2ECA433414C8DCAA00562E40 /* BonjourTetonApi.m in Sources */ = {isa = PBXBuildFile; fileRef = 2ECA433314C8DCAA00562E40 /* BonjourTetonApi.m */; };
		2ECA433714C8DD2500562E40 /* AuRevoirMadameApi.m in Sources */ = {isa = PBXBuildFile; fileRef = 2ECA433614C8DD2500562E40 /* AuRevoirMadameApi.m */; };
		2ECA433A14C8DD8500562E40 /* SeinDuJourApi.m in Sources */ = {isa = PBXBuildFile; fileRef = 2ECA433914C8DD8500562E40 /* SeinDuJourApi.m */; };
		2ECA433D14C8DE0400562E40 /* BonjourAsiatApi.m in Sources */ = {isa = PBXBuildFile; fileRef = 2ECA433C14C8DE0400562E40 /* BonjourAsiatApi.m */; };
		2ECA434014C8DEA600562E40 /* BonjourTatoosApi.m in Sources */ = {isa = PBXBuildFile; fileRef = 2ECA433F14C8DEA600562E40 /* BonjourTatoosApi.m */; };
		2ECA434314C8E05F00562E40 /* DailyDemoiseilleApi.m in Sources */ = {isa = PBXBuildFile; fileRef = 2ECA434214C8E05F00562E40 /* DailyDemoiseilleApi.m */; };
		2ECA434614C8E23A00562E40 /* OneDayOneBabeApi.m in Sources */ = {isa = PBXBuildFile; fileRef = 2ECA434514C8E23A00562E40 /* OneDayOneBabeApi.m */; };
		2ED654EC14CF74560093E7D1 /* BonjourCulApi.m in Sources */ = {isa = PBXBuildFile; fileRef = 2ED654EB14CF74560093E7D1 /* BonjourCulApi.m */; };
		3201088596B4756681693705 /* libThree20UICommon.a in Frameworks */ = {isa = PBXBuildFile; fileRef = 3201088596B4756681693704 /* libThree20UICommon.a */; };
		320A2827FEC940B25BC42C65 /* libThree20Core.a in Frameworks */ = {isa = PBXBuildFile; fileRef = 320A2827FEC940B25BC42C64 /* libThree20Core.a */; };
		320A5A189C235877202780D5 /* libThree20Network.a in Frameworks */ = {isa = PBXBuildFile; fileRef = 320A5A189C235877202780D4 /* libThree20Network.a */; };
		320A737074758E53BA54BE95 /* libThree20UINavigator.a in Frameworks */ = {isa = PBXBuildFile; fileRef = 320A737074758E53BA54BE94 /* libThree20UINavigator.a */; };
		320AF8492C47A4D819F7C451 /* QuartzCore.framework in Frameworks */ = {isa = PBXBuildFile; fileRef = 320AF8492C47A4D819F7C450 /* QuartzCore.framework */; };
		320B6C86F11D9990244A9731 /* Three20.bundle in Resources */ = {isa = PBXBuildFile; fileRef = 320B6C86F11D9990244A9730 /* Three20.bundle */; };
		320CC833B8AF0ACFD35E6225 /* libThree20Style.a in Frameworks */ = {isa = PBXBuildFile; fileRef = 320CC833B8AF0ACFD35E6224 /* libThree20Style.a */; };
		320D7DCCE32703ACAB9A45E5 /* libThree20.a in Frameworks */ = {isa = PBXBuildFile; fileRef = 320D7DCCE32703ACAB9A45E4 /* libThree20.a */; };
		320F2C48872C2E2C4DF86205 /* libThree20UI.a in Frameworks */ = {isa = PBXBuildFile; fileRef = 320F2C48872C2E2C4DF86204 /* libThree20UI.a */; };
		5C8AC56D14E9C94E00602D2B /* BonjourLatine.m in Sources */ = {isa = PBXBuildFile; fileRef = 5C8AC56C14E9C94D00602D2B /* BonjourLatine.m */; };
		5C8AC57014E9CBA800602D2B /* BonjourDecollete.m in Sources */ = {isa = PBXBuildFile; fileRef = 5C8AC56F14E9CBA700602D2B /* BonjourDecollete.m */; };
/* End PBXBuildFile section */

/* Begin PBXContainerItemProxy section */
		2E159F4214EF095F0024959C /* PBXContainerItemProxy */ = {
			isa = PBXContainerItemProxy;
			containerPortal = 320D7DCCE32703ACAB9A45E0 /* Three20.xcodeproj */;
			proxyType = 2;
			remoteGlobalIDString = EB9E6C6210B6A8F800DE563C;
			remoteInfo = Three20UnitTests;
		};
		2E159F4514EF095F0024959C /* PBXContainerItemProxy */ = {
			isa = PBXContainerItemProxy;
			containerPortal = 320A2827FEC940B25BC42C60 /* Three20Core.xcodeproj */;
			proxyType = 2;
			remoteGlobalIDString = EB9E6C6210B6A8F800DE563C;
			remoteInfo = Three20CoreUnitTests;
		};
		2E159F4814EF095F0024959C /* PBXContainerItemProxy */ = {
			isa = PBXContainerItemProxy;
			containerPortal = 320A5A189C235877202780D0 /* Three20Network.xcodeproj */;
			proxyType = 2;
			remoteGlobalIDString = EB9E6C6210B6A8F800DE563C;
			remoteInfo = Three20NetworkUnitTests;
		};
		2E159F4B14EF095F0024959C /* PBXContainerItemProxy */ = {
			isa = PBXContainerItemProxy;
			containerPortal = 320CC833B8AF0ACFD35E6220 /* Three20Style.xcodeproj */;
			proxyType = 2;
			remoteGlobalIDString = EB9E6C6210B6A8F800DE563C;
			remoteInfo = Three20StyleUnitTests;
		};
		2E159F4E14EF095F0024959C /* PBXContainerItemProxy */ = {
			isa = PBXContainerItemProxy;
			containerPortal = 320F2C48872C2E2C4DF86200 /* Three20UI.xcodeproj */;
			proxyType = 2;
			remoteGlobalIDString = EB9E6C6210B6A8F800DE563C;
			remoteInfo = Three20UIUnitTests;
		};
		2E159F5114EF095F0024959C /* PBXContainerItemProxy */ = {
			isa = PBXContainerItemProxy;
			containerPortal = 3201088596B4756681693700 /* Three20UICommon.xcodeproj */;
			proxyType = 2;
			remoteGlobalIDString = EB9E6C6210B6A8F800DE563C;
			remoteInfo = Three20UICommonUnitTests;
		};
		2E159F5414EF095F0024959C /* PBXContainerItemProxy */ = {
			isa = PBXContainerItemProxy;
			containerPortal = 320A737074758E53BA54BE90 /* Three20UINavigator.xcodeproj */;
			proxyType = 2;
			remoteGlobalIDString = EB9E6C6210B6A8F800DE563C;
			remoteInfo = Three20UINavigatorUnitTests;
		};
		3201088596B4756681693702 /* PBXContainerItemProxy */ = {
			isa = PBXContainerItemProxy;
			containerPortal = 3201088596B4756681693700 /* Three20UICommon.xcodeproj */;
			proxyType = 1;
			remoteGlobalIDString = BEF31F390F352DF5000DE5D2;
			remoteInfo = Three20UICommon;
		};
		3201088596B4756681693706 /* PBXContainerItemProxy */ = {
			isa = PBXContainerItemProxy;
			containerPortal = 3201088596B4756681693700 /* Three20UICommon.xcodeproj */;
			proxyType = 2;
			remoteGlobalIDString = BEF31F3A0F352DF5000DE5D2;
			remoteInfo = Three20UICommon;
		};
		320A2827FEC940B25BC42C62 /* PBXContainerItemProxy */ = {
			isa = PBXContainerItemProxy;
			containerPortal = 320A2827FEC940B25BC42C60 /* Three20Core.xcodeproj */;
			proxyType = 1;
			remoteGlobalIDString = BEF31F390F352DF5000DE5D2;
			remoteInfo = Three20Core;
		};
		320A2827FEC940B25BC42C66 /* PBXContainerItemProxy */ = {
			isa = PBXContainerItemProxy;
			containerPortal = 320A2827FEC940B25BC42C60 /* Three20Core.xcodeproj */;
			proxyType = 2;
			remoteGlobalIDString = BEF31F3A0F352DF5000DE5D2;
			remoteInfo = Three20Core;
		};
		320A5A189C235877202780D2 /* PBXContainerItemProxy */ = {
			isa = PBXContainerItemProxy;
			containerPortal = 320A5A189C235877202780D0 /* Three20Network.xcodeproj */;
			proxyType = 1;
			remoteGlobalIDString = BEF31F390F352DF5000DE5D2;
			remoteInfo = Three20Network;
		};
		320A5A189C235877202780D6 /* PBXContainerItemProxy */ = {
			isa = PBXContainerItemProxy;
			containerPortal = 320A5A189C235877202780D0 /* Three20Network.xcodeproj */;
			proxyType = 2;
			remoteGlobalIDString = BEF31F3A0F352DF5000DE5D2;
			remoteInfo = Three20Network;
		};
		320A737074758E53BA54BE92 /* PBXContainerItemProxy */ = {
			isa = PBXContainerItemProxy;
			containerPortal = 320A737074758E53BA54BE90 /* Three20UINavigator.xcodeproj */;
			proxyType = 1;
			remoteGlobalIDString = BEF31F390F352DF5000DE5D2;
			remoteInfo = Three20UINavigator;
		};
		320A737074758E53BA54BE96 /* PBXContainerItemProxy */ = {
			isa = PBXContainerItemProxy;
			containerPortal = 320A737074758E53BA54BE90 /* Three20UINavigator.xcodeproj */;
			proxyType = 2;
			remoteGlobalIDString = BEF31F3A0F352DF5000DE5D2;
			remoteInfo = Three20UINavigator;
		};
		320CC833B8AF0ACFD35E6222 /* PBXContainerItemProxy */ = {
			isa = PBXContainerItemProxy;
			containerPortal = 320CC833B8AF0ACFD35E6220 /* Three20Style.xcodeproj */;
			proxyType = 1;
			remoteGlobalIDString = BEF31F390F352DF5000DE5D2;
			remoteInfo = Three20Style;
		};
		320CC833B8AF0ACFD35E6226 /* PBXContainerItemProxy */ = {
			isa = PBXContainerItemProxy;
			containerPortal = 320CC833B8AF0ACFD35E6220 /* Three20Style.xcodeproj */;
			proxyType = 2;
			remoteGlobalIDString = BEF31F3A0F352DF5000DE5D2;
			remoteInfo = Three20Style;
		};
		320D7DCCE32703ACAB9A45E2 /* PBXContainerItemProxy */ = {
			isa = PBXContainerItemProxy;
			containerPortal = 320D7DCCE32703ACAB9A45E0 /* Three20.xcodeproj */;
			proxyType = 1;
			remoteGlobalIDString = BEF31F390F352DF5000DE5D2;
			remoteInfo = Three20;
		};
		320D7DCCE32703ACAB9A45E6 /* PBXContainerItemProxy */ = {
			isa = PBXContainerItemProxy;
			containerPortal = 320D7DCCE32703ACAB9A45E0 /* Three20.xcodeproj */;
			proxyType = 2;
			remoteGlobalIDString = BEF31F3A0F352DF5000DE5D2;
			remoteInfo = Three20;
		};
		320F2C48872C2E2C4DF86202 /* PBXContainerItemProxy */ = {
			isa = PBXContainerItemProxy;
			containerPortal = 320F2C48872C2E2C4DF86200 /* Three20UI.xcodeproj */;
			proxyType = 1;
			remoteGlobalIDString = BEF31F390F352DF5000DE5D2;
			remoteInfo = Three20UI;
		};
		320F2C48872C2E2C4DF86206 /* PBXContainerItemProxy */ = {
			isa = PBXContainerItemProxy;
			containerPortal = 320F2C48872C2E2C4DF86200 /* Three20UI.xcodeproj */;
			proxyType = 2;
			remoteGlobalIDString = BEF31F3A0F352DF5000DE5D2;
			remoteInfo = Three20UI;
		};
/* End PBXContainerItemProxy section */

/* Begin PBXFileReference section */
		2E07125814D75D3900F208F6 /* UIButtonBarRefresh.png */ = {isa = PBXFileReference; lastKnownFileType = image.png; path = UIButtonBarRefresh.png; sourceTree = "<group>"; };
		2E12A8ED14C7816300A261A0 /* BonjourMadameApi.h */ = {isa = PBXFileReference; fileEncoding = 4; lastKnownFileType = sourcecode.c.h; path = BonjourMadameApi.h; sourceTree = "<group>"; };
		2E12A8EE14C7816300A261A0 /* BonjourMadameApi.m */ = {isa = PBXFileReference; fileEncoding = 4; lastKnownFileType = sourcecode.c.objc; path = BonjourMadameApi.m; sourceTree = "<group>"; };
		2E33E51E14C8A072009C986D /* Constants.h */ = {isa = PBXFileReference; fileEncoding = 4; lastKnownFileType = sourcecode.c.h; path = Constants.h; sourceTree = "<group>"; };
		2E33E51F14C8A072009C986D /* Constants.m */ = {isa = PBXFileReference; fileEncoding = 4; lastKnownFileType = sourcecode.c.objc; path = Constants.m; sourceTree = "<group>"; };
		2E3BF2F814E8306C00C4DA26 /* HorizontalTableCell.h */ = {isa = PBXFileReference; fileEncoding = 4; lastKnownFileType = sourcecode.c.h; path = HorizontalTableCell.h; sourceTree = "<group>"; };
		2E3BF2F914E8306C00C4DA26 /* HorizontalTableCell.m */ = {isa = PBXFileReference; fileEncoding = 4; lastKnownFileType = sourcecode.c.objc; path = HorizontalTableCell.m; sourceTree = "<group>"; };
		2E3BF2FA14E8306C00C4DA26 /* MadameCell.h */ = {isa = PBXFileReference; fileEncoding = 4; lastKnownFileType = sourcecode.c.h; path = MadameCell.h; sourceTree = "<group>"; };
		2E3BF2FB14E8306C00C4DA26 /* MadameCell.m */ = {isa = PBXFileReference; fileEncoding = 4; lastKnownFileType = sourcecode.c.objc; path = MadameCell.m; sourceTree = "<group>"; };
		2E3BF30014E830E300C4DA26 /* ControlVariables.h */ = {isa = PBXFileReference; fileEncoding = 4; lastKnownFileType = sourcecode.c.h; path = ControlVariables.h; sourceTree = "<group>"; };
		2E3BF30414E830FA00C4DA26 /* EGORefreshTableHeaderView.h */ = {isa = PBXFileReference; fileEncoding = 4; lastKnownFileType = sourcecode.c.h; path = EGORefreshTableHeaderView.h; sourceTree = "<group>"; };
		2E3BF30514E830FA00C4DA26 /* EGORefreshTableHeaderView.m */ = {isa = PBXFileReference; fileEncoding = 4; lastKnownFileType = sourcecode.c.objc; path = EGORefreshTableHeaderView.m; sourceTree = "<group>"; };
		2E3BF30714E830FA00C4DA26 /* blackArrow.png */ = {isa = PBXFileReference; lastKnownFileType = image.png; path = blackArrow.png; sourceTree = "<group>"; };
		2E3BF30814E830FA00C4DA26 /* blackArrow@2x.png */ = {isa = PBXFileReference; lastKnownFileType = image.png; path = "blackArrow@2x.png"; sourceTree = "<group>"; };
		2E3BF30914E830FA00C4DA26 /* blueArrow.png */ = {isa = PBXFileReference; lastKnownFileType = image.png; path = blueArrow.png; sourceTree = "<group>"; };
		2E3BF30A14E830FA00C4DA26 /* blueArrow@2x.png */ = {isa = PBXFileReference; lastKnownFileType = image.png; path = "blueArrow@2x.png"; sourceTree = "<group>"; };
		2E3BF30B14E830FA00C4DA26 /* grayArrow.png */ = {isa = PBXFileReference; lastKnownFileType = image.png; path = grayArrow.png; sourceTree = "<group>"; };
		2E3BF30C14E830FA00C4DA26 /* grayArrow@2x.png */ = {isa = PBXFileReference; lastKnownFileType = image.png; path = "grayArrow@2x.png"; sourceTree = "<group>"; };
		2E3BF30D14E830FA00C4DA26 /* whiteArrow.png */ = {isa = PBXFileReference; lastKnownFileType = image.png; path = whiteArrow.png; sourceTree = "<group>"; };
		2E3BF30E14E830FA00C4DA26 /* whiteArrow@2x.png */ = {isa = PBXFileReference; lastKnownFileType = image.png; path = "whiteArrow@2x.png"; sourceTree = "<group>"; };
		2E3BF31814E835CF00C4DA26 /* QuartzCore.framework */ = {isa = PBXFileReference; lastKnownFileType = wrapper.framework; name = QuartzCore.framework; path = System/Library/Frameworks/QuartzCore.framework; sourceTree = SDKROOT; };
		2E4F657014C0E18D00A7E4E3 /* ar.jpg */ = {isa = PBXFileReference; lastKnownFileType = image.jpeg; path = ar.jpg; sourceTree = "<group>"; };
		2E4F657114C0E18D00A7E4E3 /* asiat.jpg */ = {isa = PBXFileReference; lastKnownFileType = image.jpeg; path = asiat.jpg; sourceTree = "<group>"; };
		2E4F657214C0E18D00A7E4E3 /* bc.jpg */ = {isa = PBXFileReference; lastKnownFileType = image.jpeg; path = bc.jpg; sourceTree = "<group>"; };
		2E4F657314C0E18D00A7E4E3 /* bm.jpg */ = {isa = PBXFileReference; lastKnownFileType = image.jpeg; path = bm.jpg; sourceTree = "<group>"; };
		2E4F657414C0E18D00A7E4E3 /* BMA.jpg */ = {isa = PBXFileReference; lastKnownFileType = image.jpeg; path = BMA.jpg; sourceTree = "<group>"; };
		2E4F657514C0E18D00A7E4E3 /* bt.jpg */ = {isa = PBXFileReference; lastKnownFileType = image.jpeg; path = bt.jpg; sourceTree = "<group>"; };
		2E4F657614C0E18D00A7E4E3 /* db.jpg */ = {isa = PBXFileReference; lastKnownFileType = image.jpeg; path = db.jpg; sourceTree = "<group>"; };
		2E4F657714C0E18D00A7E4E3 /* dd.jpeg */ = {isa = PBXFileReference; lastKnownFileType = image.jpeg; path = dd.jpeg; sourceTree = "<group>"; };
		2E5D726214CE0FF9009B867D /* blank.jpg */ = {isa = PBXFileReference; lastKnownFileType = image.jpeg; path = blank.jpg; sourceTree = "<group>"; };
		2E8AAF1E14C0D2EA00891B40 /* HelloGirlz.app */ = {isa = PBXFileReference; explicitFileType = wrapper.application; includeInIndex = 0; path = HelloGirlz.app; sourceTree = BUILT_PRODUCTS_DIR; };
		2E8AAF2214C0D2EA00891B40 /* UIKit.framework */ = {isa = PBXFileReference; lastKnownFileType = wrapper.framework; name = UIKit.framework; path = System/Library/Frameworks/UIKit.framework; sourceTree = SDKROOT; };
		2E8AAF2414C0D2EA00891B40 /* Foundation.framework */ = {isa = PBXFileReference; lastKnownFileType = wrapper.framework; name = Foundation.framework; path = System/Library/Frameworks/Foundation.framework; sourceTree = SDKROOT; };
		2E8AAF2614C0D2EA00891B40 /* CoreGraphics.framework */ = {isa = PBXFileReference; lastKnownFileType = wrapper.framework; name = CoreGraphics.framework; path = System/Library/Frameworks/CoreGraphics.framework; sourceTree = SDKROOT; };
		2E8AAF2A14C0D2EA00891B40 /* HelloGirlz-Info.plist */ = {isa = PBXFileReference; lastKnownFileType = text.plist.xml; path = "HelloGirlz-Info.plist"; sourceTree = "<group>"; };
		2E8AAF2C14C0D2EA00891B40 /* en */ = {isa = PBXFileReference; lastKnownFileType = text.plist.strings; name = en; path = en.lproj/InfoPlist.strings; sourceTree = "<group>"; };
		2E8AAF2E14C0D2EA00891B40 /* main.m */ = {isa = PBXFileReference; lastKnownFileType = sourcecode.c.objc; path = main.m; sourceTree = "<group>"; };
		2E8AAF3014C0D2EA00891B40 /* HelloGirlz-Prefix.pch */ = {isa = PBXFileReference; lastKnownFileType = sourcecode.c.h; path = "HelloGirlz-Prefix.pch"; sourceTree = "<group>"; };
		2E8AAF3114C0D2EA00891B40 /* HGAppDelegate.h */ = {isa = PBXFileReference; lastKnownFileType = sourcecode.c.h; path = HGAppDelegate.h; sourceTree = "<group>"; };
		2E8AAF3214C0D2EA00891B40 /* HGAppDelegate.m */ = {isa = PBXFileReference; lastKnownFileType = sourcecode.c.objc; path = HGAppDelegate.m; sourceTree = "<group>"; };
		2E8AAF3514C0D2EA00891B40 /* en */ = {isa = PBXFileReference; lastKnownFileType = file.storyboard; name = en; path = en.lproj/MainStoryboard_iPhone.storyboard; sourceTree = "<group>"; };
		2E8AAF3814C0D2EA00891B40 /* en */ = {isa = PBXFileReference; lastKnownFileType = file.storyboard; name = en; path = en.lproj/MainStoryboard_iPad.storyboard; sourceTree = "<group>"; };
		2E8AAF3A14C0D2EA00891B40 /* HGFirstViewController.h */ = {isa = PBXFileReference; lastKnownFileType = sourcecode.c.h; path = HGFirstViewController.h; sourceTree = "<group>"; };
		2E8AAF3B14C0D2EA00891B40 /* HGFirstViewController.m */ = {isa = PBXFileReference; lastKnownFileType = sourcecode.c.objc; path = HGFirstViewController.m; sourceTree = "<group>"; };
		2E8AAF3D14C0D2EA00891B40 /* first.png */ = {isa = PBXFileReference; lastKnownFileType = image.png; path = first.png; sourceTree = "<group>"; };
		2E8AAF3F14C0D2EA00891B40 /* first@2x.png */ = {isa = PBXFileReference; lastKnownFileType = image.png; path = "first@2x.png"; sourceTree = "<group>"; };
		2E8AAF4114C0D2EA00891B40 /* HGSecondViewController.h */ = {isa = PBXFileReference; lastKnownFileType = sourcecode.c.h; path = HGSecondViewController.h; sourceTree = "<group>"; };
		2E8AAF4214C0D2EA00891B40 /* HGSecondViewController.m */ = {isa = PBXFileReference; lastKnownFileType = sourcecode.c.objc; path = HGSecondViewController.m; sourceTree = "<group>"; };
		2E8AAF4414C0D2EA00891B40 /* second.png */ = {isa = PBXFileReference; lastKnownFileType = image.png; path = second.png; sourceTree = "<group>"; };
		2E8AAF4614C0D2EA00891B40 /* second@2x.png */ = {isa = PBXFileReference; lastKnownFileType = image.png; path = "second@2x.png"; sourceTree = "<group>"; };
		2EB9E3A114C4B9EC00539073 /* HelloApi.h */ = {isa = PBXFileReference; fileEncoding = 4; lastKnownFileType = sourcecode.c.h; path = HelloApi.h; sourceTree = "<group>"; };
		2EB9E3A214C4B9EC00539073 /* HelloApi.m */ = {isa = PBXFileReference; fileEncoding = 4; lastKnownFileType = sourcecode.c.objc; path = HelloApi.m; sourceTree = "<group>"; };
		2EB9E3A514C4C41E00539073 /* XPathQuery.h */ = {isa = PBXFileReference; fileEncoding = 4; lastKnownFileType = sourcecode.c.h; path = XPathQuery.h; sourceTree = "<group>"; };
		2EB9E3A614C4C41E00539073 /* XPathQuery.m */ = {isa = PBXFileReference; fileEncoding = 4; lastKnownFileType = sourcecode.c.objc; path = XPathQuery.m; sourceTree = "<group>"; };
		2EB9E3AF14C4CBF100539073 /* libxml2.2.dylib */ = {isa = PBXFileReference; lastKnownFileType = "compiled.mach-o.dylib"; path = libxml2.2.dylib; sourceTree = "<group>"; };
		2ECA432E14C8D9F900562E40 /* BonsoirMadamoiselleApi.h */ = {isa = PBXFileReference; fileEncoding = 4; lastKnownFileType = sourcecode.c.h; path = BonsoirMadamoiselleApi.h; sourceTree = "<group>"; };
		2ECA432F14C8D9F900562E40 /* BonsoirMadamoiselleApi.m */ = {isa = PBXFileReference; fileEncoding = 4; lastKnownFileType = sourcecode.c.objc; path = BonsoirMadamoiselleApi.m; sourceTree = "<group>"; };
		2ECA433214C8DCAA00562E40 /* BonjourTetonApi.h */ = {isa = PBXFileReference; fileEncoding = 4; lastKnownFileType = sourcecode.c.h; path = BonjourTetonApi.h; sourceTree = "<group>"; };
		2ECA433314C8DCAA00562E40 /* BonjourTetonApi.m */ = {isa = PBXFileReference; fileEncoding = 4; lastKnownFileType = sourcecode.c.objc; path = BonjourTetonApi.m; sourceTree = "<group>"; };
		2ECA433514C8DD2500562E40 /* AuRevoirMadameApi.h */ = {isa = PBXFileReference; fileEncoding = 4; lastKnownFileType = sourcecode.c.h; path = AuRevoirMadameApi.h; sourceTree = "<group>"; };
		2ECA433614C8DD2500562E40 /* AuRevoirMadameApi.m */ = {isa = PBXFileReference; fileEncoding = 4; lastKnownFileType = sourcecode.c.objc; path = AuRevoirMadameApi.m; sourceTree = "<group>"; };
		2ECA433814C8DD8500562E40 /* SeinDuJourApi.h */ = {isa = PBXFileReference; fileEncoding = 4; lastKnownFileType = sourcecode.c.h; path = SeinDuJourApi.h; sourceTree = "<group>"; };
		2ECA433914C8DD8500562E40 /* SeinDuJourApi.m */ = {isa = PBXFileReference; fileEncoding = 4; lastKnownFileType = sourcecode.c.objc; path = SeinDuJourApi.m; sourceTree = "<group>"; };
		2ECA433B14C8DE0400562E40 /* BonjourAsiatApi.h */ = {isa = PBXFileReference; fileEncoding = 4; lastKnownFileType = sourcecode.c.h; path = BonjourAsiatApi.h; sourceTree = "<group>"; };
		2ECA433C14C8DE0400562E40 /* BonjourAsiatApi.m */ = {isa = PBXFileReference; fileEncoding = 4; lastKnownFileType = sourcecode.c.objc; path = BonjourAsiatApi.m; sourceTree = "<group>"; };
		2ECA433E14C8DEA600562E40 /* BonjourTatoosApi.h */ = {isa = PBXFileReference; fileEncoding = 4; lastKnownFileType = sourcecode.c.h; path = BonjourTatoosApi.h; sourceTree = "<group>"; };
		2ECA433F14C8DEA600562E40 /* BonjourTatoosApi.m */ = {isa = PBXFileReference; fileEncoding = 4; lastKnownFileType = sourcecode.c.objc; path = BonjourTatoosApi.m; sourceTree = "<group>"; };
		2ECA434114C8E05F00562E40 /* DailyDemoiseilleApi.h */ = {isa = PBXFileReference; fileEncoding = 4; lastKnownFileType = sourcecode.c.h; path = DailyDemoiseilleApi.h; sourceTree = "<group>"; };
		2ECA434214C8E05F00562E40 /* DailyDemoiseilleApi.m */ = {isa = PBXFileReference; fileEncoding = 4; lastKnownFileType = sourcecode.c.objc; path = DailyDemoiseilleApi.m; sourceTree = "<group>"; };
		2ECA434414C8E23A00562E40 /* OneDayOneBabeApi.h */ = {isa = PBXFileReference; fileEncoding = 4; lastKnownFileType = sourcecode.c.h; path = OneDayOneBabeApi.h; sourceTree = "<group>"; };
		2ECA434514C8E23A00562E40 /* OneDayOneBabeApi.m */ = {isa = PBXFileReference; fileEncoding = 4; lastKnownFileType = sourcecode.c.objc; path = OneDayOneBabeApi.m; sourceTree = "<group>"; };
		2ED654EA14CF74560093E7D1 /* BonjourCulApi.h */ = {isa = PBXFileReference; fileEncoding = 4; lastKnownFileType = sourcecode.c.h; path = BonjourCulApi.h; sourceTree = "<group>"; };
		2ED654EB14CF74560093E7D1 /* BonjourCulApi.m */ = {isa = PBXFileReference; fileEncoding = 4; lastKnownFileType = sourcecode.c.objc; path = BonjourCulApi.m; sourceTree = "<group>"; };
		3201088596B4756681693700 /* Three20UICommon.xcodeproj */ = {isa = PBXFileReference; lastKnownFileType = "wrapper.pb-project"; name = Three20UICommon.xcodeproj; path = ../three20/src/Three20UICommon/Three20UICommon.xcodeproj; sourceTree = SOURCE_ROOT; };
		320A2827FEC940B25BC42C60 /* Three20Core.xcodeproj */ = {isa = PBXFileReference; lastKnownFileType = "wrapper.pb-project"; name = Three20Core.xcodeproj; path = ../three20/src/Three20Core/Three20Core.xcodeproj; sourceTree = SOURCE_ROOT; };
		320A5A189C235877202780D0 /* Three20Network.xcodeproj */ = {isa = PBXFileReference; lastKnownFileType = "wrapper.pb-project"; name = Three20Network.xcodeproj; path = ../three20/src/Three20Network/Three20Network.xcodeproj; sourceTree = SOURCE_ROOT; };
		320A737074758E53BA54BE90 /* Three20UINavigator.xcodeproj */ = {isa = PBXFileReference; lastKnownFileType = "wrapper.pb-project"; name = Three20UINavigator.xcodeproj; path = ../three20/src/Three20UINavigator/Three20UINavigator.xcodeproj; sourceTree = SOURCE_ROOT; };
		320AF8492C47A4D819F7C450 /* QuartzCore.framework */ = {isa = PBXFileReference; lastKnownFileType = wrapper.frameworks; name = QuartzCore.framework; path = System/Library/Frameworks/QuartzCore.framework; sourceTree = SDKROOT; };
		320B6C86F11D9990244A9730 /* Three20.bundle */ = {isa = PBXFileReference; lastKnownFileType = "wrapper.plug-in"; name = Three20.bundle; path = ../three20/src/Three20.bundle; sourceTree = SOURCE_ROOT; };
		320CC833B8AF0ACFD35E6220 /* Three20Style.xcodeproj */ = {isa = PBXFileReference; lastKnownFileType = "wrapper.pb-project"; name = Three20Style.xcodeproj; path = ../three20/src/Three20Style/Three20Style.xcodeproj; sourceTree = SOURCE_ROOT; };
		320D7DCCE32703ACAB9A45E0 /* Three20.xcodeproj */ = {isa = PBXFileReference; lastKnownFileType = "wrapper.pb-project"; name = Three20.xcodeproj; path = ../three20/src/Three20/Three20.xcodeproj; sourceTree = SOURCE_ROOT; };
		320F2C48872C2E2C4DF86200 /* Three20UI.xcodeproj */ = {isa = PBXFileReference; lastKnownFileType = "wrapper.pb-project"; name = Three20UI.xcodeproj; path = ../three20/src/Three20UI/Three20UI.xcodeproj; sourceTree = SOURCE_ROOT; };
		5C8AC56B14E9C94D00602D2B /* BonjourLatine.h */ = {isa = PBXFileReference; fileEncoding = 4; lastKnownFileType = sourcecode.c.h; path = BonjourLatine.h; sourceTree = "<group>"; };
		5C8AC56C14E9C94D00602D2B /* BonjourLatine.m */ = {isa = PBXFileReference; fileEncoding = 4; lastKnownFileType = sourcecode.c.objc; path = BonjourLatine.m; sourceTree = "<group>"; };
		5C8AC56E14E9CBA700602D2B /* BonjourDecollete.h */ = {isa = PBXFileReference; fileEncoding = 4; lastKnownFileType = sourcecode.c.h; path = BonjourDecollete.h; sourceTree = "<group>"; };
		5C8AC56F14E9CBA700602D2B /* BonjourDecollete.m */ = {isa = PBXFileReference; fileEncoding = 4; lastKnownFileType = sourcecode.c.objc; path = BonjourDecollete.m; sourceTree = "<group>"; };
/* End PBXFileReference section */

/* Begin PBXFrameworksBuildPhase section */
		2E8AAF1B14C0D2EA00891B40 /* Frameworks */ = {
			isa = PBXFrameworksBuildPhase;
			buildActionMask = 2147483647;
			files = (
				3201088596B4756681693705 /* libThree20UICommon.a in Frameworks */,
				320D7DCCE32703ACAB9A45E5 /* libThree20.a in Frameworks */,
				320A737074758E53BA54BE95 /* libThree20UINavigator.a in Frameworks */,
				320A2827FEC940B25BC42C65 /* libThree20Core.a in Frameworks */,
				320F2C48872C2E2C4DF86205 /* libThree20UI.a in Frameworks */,
				320AF8492C47A4D819F7C451 /* QuartzCore.framework in Frameworks */,
				320A5A189C235877202780D5 /* libThree20Network.a in Frameworks */,
				320CC833B8AF0ACFD35E6225 /* libThree20Style.a in Frameworks */,
				2E3BF31914E835CF00C4DA26 /* QuartzCore.framework in Frameworks */,
				2E8AAF2314C0D2EA00891B40 /* UIKit.framework in Frameworks */,
				2E8AAF2514C0D2EA00891B40 /* Foundation.framework in Frameworks */,
				2E8AAF2714C0D2EA00891B40 /* CoreGraphics.framework in Frameworks */,
				2EB9E3B014C4CBF100539073 /* libxml2.2.dylib in Frameworks */,
			);
			runOnlyForDeploymentPostprocessing = 0;
		};
/* End PBXFrameworksBuildPhase section */

/* Begin PBXGroup section */
		2E15A08914EF0B120024959C /* IndexingHeaders */ = {
			isa = PBXGroup;
			children = (
			);
			name = IndexingHeaders;
			sourceTree = "<group>";
		};
		2E33E52214C8A08C009C986D /* Utils */ = {
			isa = PBXGroup;
			children = (
				2E3BF30014E830E300C4DA26 /* ControlVariables.h */,
				2E33E51E14C8A072009C986D /* Constants.h */,
				2E33E51F14C8A072009C986D /* Constants.m */,
			);
			name = Utils;
			sourceTree = "<group>";
		};
		2E3BF2FF14E8307800C4DA26 /* ViewControllers */ = {
			isa = PBXGroup;
			children = (
				2E8AAF3A14C0D2EA00891B40 /* HGFirstViewController.h */,
				2E8AAF3B14C0D2EA00891B40 /* HGFirstViewController.m */,
				2E8AAF4114C0D2EA00891B40 /* HGSecondViewController.h */,
				2E8AAF4214C0D2EA00891B40 /* HGSecondViewController.m */,
				2E3BF2F814E8306C00C4DA26 /* HorizontalTableCell.h */,
				2E3BF2F914E8306C00C4DA26 /* HorizontalTableCell.m */,
				2E3BF2FA14E8306C00C4DA26 /* MadameCell.h */,
				2E3BF2FB14E8306C00C4DA26 /* MadameCell.m */,
			);
			name = ViewControllers;
			sourceTree = "<group>";
		};
		2E3BF30114E830FA00C4DA26 /* EGOTableViewPullRefresh */ = {
			isa = PBXGroup;
			children = (
				2E3BF30214E830FA00C4DA26 /* Classes */,
				2E3BF30614E830FA00C4DA26 /* Resources */,
			);
			name = EGOTableViewPullRefresh;
			path = ../EGOTableViewPullRefresh;
			sourceTree = "<group>";
		};
		2E3BF30214E830FA00C4DA26 /* Classes */ = {
			isa = PBXGroup;
			children = (
				2E3BF30314E830FA00C4DA26 /* View */,
			);
			path = Classes;
			sourceTree = "<group>";
		};
		2E3BF30314E830FA00C4DA26 /* View */ = {
			isa = PBXGroup;
			children = (
				2E3BF30414E830FA00C4DA26 /* EGORefreshTableHeaderView.h */,
				2E3BF30514E830FA00C4DA26 /* EGORefreshTableHeaderView.m */,
			);
			path = View;
			sourceTree = "<group>";
		};
		2E3BF30614E830FA00C4DA26 /* Resources */ = {
			isa = PBXGroup;
			children = (
				320B6C86F11D9990244A9730 /* Three20.bundle */,
				2E3BF30714E830FA00C4DA26 /* blackArrow.png */,
				2E3BF30814E830FA00C4DA26 /* blackArrow@2x.png */,
				2E3BF30914E830FA00C4DA26 /* blueArrow.png */,
				2E3BF30A14E830FA00C4DA26 /* blueArrow@2x.png */,
				2E3BF30B14E830FA00C4DA26 /* grayArrow.png */,
				2E3BF30C14E830FA00C4DA26 /* grayArrow@2x.png */,
				2E3BF30D14E830FA00C4DA26 /* whiteArrow.png */,
				2E3BF30E14E830FA00C4DA26 /* whiteArrow@2x.png */,
			);
			path = Resources;
			sourceTree = "<group>";
		};
		2E4F658114C0E19A00A7E4E3 /* StockGirls */ = {
			isa = PBXGroup;
			children = (
				2E5D726214CE0FF9009B867D /* blank.jpg */,
				2E4F657014C0E18D00A7E4E3 /* ar.jpg */,
				2E4F657114C0E18D00A7E4E3 /* asiat.jpg */,
				2E4F657214C0E18D00A7E4E3 /* bc.jpg */,
				2E4F657314C0E18D00A7E4E3 /* bm.jpg */,
				2E4F657414C0E18D00A7E4E3 /* BMA.jpg */,
				2E4F657514C0E18D00A7E4E3 /* bt.jpg */,
				2E4F657614C0E18D00A7E4E3 /* db.jpg */,
				2E4F657714C0E18D00A7E4E3 /* dd.jpeg */,
			);
			name = StockGirls;
			sourceTree = "<group>";
		};
		2E7BE08014C626C10070586B /* HelloApi */ = {
			isa = PBXGroup;
			children = (
				2ED654EA14CF74560093E7D1 /* BonjourCulApi.h */,
				2ED654EB14CF74560093E7D1 /* BonjourCulApi.m */,
				2EB9E3A114C4B9EC00539073 /* HelloApi.h */,
				2EB9E3A214C4B9EC00539073 /* HelloApi.m */,
				2ECA434414C8E23A00562E40 /* OneDayOneBabeApi.h */,
				2ECA434514C8E23A00562E40 /* OneDayOneBabeApi.m */,
				2E12A8ED14C7816300A261A0 /* BonjourMadameApi.h */,
				2E12A8EE14C7816300A261A0 /* BonjourMadameApi.m */,
				2ECA433214C8DCAA00562E40 /* BonjourTetonApi.h */,
				2ECA433314C8DCAA00562E40 /* BonjourTetonApi.m */,
				2ECA433514C8DD2500562E40 /* AuRevoirMadameApi.h */,
				2ECA433614C8DD2500562E40 /* AuRevoirMadameApi.m */,
				2ECA432E14C8D9F900562E40 /* BonsoirMadamoiselleApi.h */,
				2ECA432F14C8D9F900562E40 /* BonsoirMadamoiselleApi.m */,
				2ECA433814C8DD8500562E40 /* SeinDuJourApi.h */,
				2ECA433914C8DD8500562E40 /* SeinDuJourApi.m */,
				2ECA433B14C8DE0400562E40 /* BonjourAsiatApi.h */,
				2ECA433C14C8DE0400562E40 /* BonjourAsiatApi.m */,
				2ECA433E14C8DEA600562E40 /* BonjourTatoosApi.h */,
				2ECA433F14C8DEA600562E40 /* BonjourTatoosApi.m */,
				2ECA434114C8E05F00562E40 /* DailyDemoiseilleApi.h */,
				2ECA434214C8E05F00562E40 /* DailyDemoiseilleApi.m */,
				5C8AC56B14E9C94D00602D2B /* BonjourLatine.h */,
				5C8AC56C14E9C94D00602D2B /* BonjourLatine.m */,
				5C8AC56E14E9CBA700602D2B /* BonjourDecollete.h */,
				5C8AC56F14E9CBA700602D2B /* BonjourDecollete.m */,
			);
			name = HelloApi;
			sourceTree = "<group>";
		};
		2E7BE08114C626D20070586B /* XPath */ = {
			isa = PBXGroup;
			children = (
				2EB9E3A514C4C41E00539073 /* XPathQuery.h */,
				2EB9E3A614C4C41E00539073 /* XPathQuery.m */,
			);
			name = XPath;
			sourceTree = "<group>";
		};
		2E8AAF1314C0D2EA00891B40 = {
			isa = PBXGroup;
			children = (
				2E3BF31814E835CF00C4DA26 /* QuartzCore.framework */,
				2EB9E3AF14C4CBF100539073 /* libxml2.2.dylib */,
				2E8AAF2814C0D2EA00891B40 /* HelloGirlz */,
				2E8AAF2114C0D2EA00891B40 /* Frameworks */,
				2E8AAF1F14C0D2EA00891B40 /* Products */,
			);
			sourceTree = "<group>";
		};
		2E8AAF1F14C0D2EA00891B40 /* Products */ = {
			isa = PBXGroup;
			children = (
				2E8AAF1E14C0D2EA00891B40 /* HelloGirlz.app */,
			);
			name = Products;
			sourceTree = "<group>";
		};
		2E8AAF2114C0D2EA00891B40 /* Frameworks */ = {
			isa = PBXGroup;
			children = (
				3201088596B4756681693700 /* Three20UICommon.xcodeproj */,
				320D7DCCE32703ACAB9A45E0 /* Three20.xcodeproj */,
				320A737074758E53BA54BE90 /* Three20UINavigator.xcodeproj */,
				320A2827FEC940B25BC42C60 /* Three20Core.xcodeproj */,
				320F2C48872C2E2C4DF86200 /* Three20UI.xcodeproj */,
				320AF8492C47A4D819F7C450 /* QuartzCore.framework */,
				320A5A189C235877202780D0 /* Three20Network.xcodeproj */,
				320CC833B8AF0ACFD35E6220 /* Three20Style.xcodeproj */,
				2E8AAF2214C0D2EA00891B40 /* UIKit.framework */,
				2E8AAF2414C0D2EA00891B40 /* Foundation.framework */,
				2E8AAF2614C0D2EA00891B40 /* CoreGraphics.framework */,
			);
			name = Frameworks;
			sourceTree = "<group>";
		};
		2E8AAF2814C0D2EA00891B40 /* HelloGirlz */ = {
			isa = PBXGroup;
			children = (
				2E15A08914EF0B120024959C /* IndexingHeaders */,
				2E3BF30114E830FA00C4DA26 /* EGOTableViewPullRefresh */,
				2E8AAF3114C0D2EA00891B40 /* HGAppDelegate.h */,
				2E8AAF3214C0D2EA00891B40 /* HGAppDelegate.m */,
				2E8AAF3414C0D2EA00891B40 /* MainStoryboard_iPhone.storyboard */,
				2E07125814D75D3900F208F6 /* UIButtonBarRefresh.png */,
				2E8AAF3714C0D2EA00891B40 /* MainStoryboard_iPad.storyboard */,
				2E3BF2FF14E8307800C4DA26 /* ViewControllers */,
				2E8AAF3D14C0D2EA00891B40 /* first.png */,
				2E8AAF3F14C0D2EA00891B40 /* first@2x.png */,
				2E33E52214C8A08C009C986D /* Utils */,
				2E7BE08114C626D20070586B /* XPath */,
				2E7BE08014C626C10070586B /* HelloApi */,
				2E4F658114C0E19A00A7E4E3 /* StockGirls */,
				2E8AAF4414C0D2EA00891B40 /* second.png */,
				2E8AAF4614C0D2EA00891B40 /* second@2x.png */,
				2E8AAF2914C0D2EA00891B40 /* Supporting Files */,
			);
			path = HelloGirlz;
			sourceTree = "<group>";
		};
		2E8AAF2914C0D2EA00891B40 /* Supporting Files */ = {
			isa = PBXGroup;
			children = (
				2E8AAF2A14C0D2EA00891B40 /* HelloGirlz-Info.plist */,
				2E8AAF2B14C0D2EA00891B40 /* InfoPlist.strings */,
				2E8AAF2E14C0D2EA00891B40 /* main.m */,
				2E8AAF3014C0D2EA00891B40 /* HelloGirlz-Prefix.pch */,
			);
			name = "Supporting Files";
			sourceTree = "<group>";
		};
		3201088596B4756681693703 /* Products */ = {
			isa = PBXGroup;
			children = (
				3201088596B4756681693704 /* libThree20UICommon.a */,
				2E159F5214EF095F0024959C /* UICommonUnitTests.octest */,
			);
			name = Products;
			sourceTree = "<group>";
		};
		320A2827FEC940B25BC42C63 /* Products */ = {
			isa = PBXGroup;
			children = (
				320A2827FEC940B25BC42C64 /* libThree20Core.a */,
				2E159F4614EF095F0024959C /* CoreUnitTests.octest */,
			);
			name = Products;
			sourceTree = "<group>";
		};
		320A5A189C235877202780D3 /* Products */ = {
			isa = PBXGroup;
			children = (
				320A5A189C235877202780D4 /* libThree20Network.a */,
				2E159F4914EF095F0024959C /* NetworkUnitTests.octest */,
			);
			name = Products;
			sourceTree = "<group>";
		};
		320A737074758E53BA54BE93 /* Products */ = {
			isa = PBXGroup;
			children = (
				320A737074758E53BA54BE94 /* libThree20UINavigator.a */,
				2E159F5514EF095F0024959C /* UINavigatorUnitTests.octest */,
			);
			name = Products;
			sourceTree = "<group>";
		};
		320CC833B8AF0ACFD35E6223 /* Products */ = {
			isa = PBXGroup;
			children = (
				320CC833B8AF0ACFD35E6224 /* libThree20Style.a */,
				2E159F4C14EF095F0024959C /* StyleUnitTests.octest */,
			);
			name = Products;
			sourceTree = "<group>";
		};
		320D7DCCE32703ACAB9A45E3 /* Products */ = {
			isa = PBXGroup;
			children = (
				320D7DCCE32703ACAB9A45E4 /* libThree20.a */,
				2E159F4314EF095F0024959C /* Three20UnitTests.octest */,
			);
			name = Products;
			sourceTree = "<group>";
		};
		320F2C48872C2E2C4DF86203 /* Products */ = {
			isa = PBXGroup;
			children = (
				320F2C48872C2E2C4DF86204 /* libThree20UI.a */,
				2E159F4F14EF095F0024959C /* UIUnitTests.octest */,
			);
			name = Products;
			sourceTree = "<group>";
		};
/* End PBXGroup section */

/* Begin PBXNativeTarget section */
		2E8AAF1D14C0D2EA00891B40 /* HelloGirlz */ = {
			isa = PBXNativeTarget;
			buildConfigurationList = 2E8AAF4A14C0D2EA00891B40 /* Build configuration list for PBXNativeTarget "HelloGirlz" */;
			buildPhases = (
				2E8AAF1A14C0D2EA00891B40 /* Sources */,
				2E8AAF1B14C0D2EA00891B40 /* Frameworks */,
				2E8AAF1C14C0D2EA00891B40 /* Resources */,
			);
			buildRules = (
			);
			dependencies = (
				3201088596B4756681693701 /* PBXTargetDependency */,
				320D7DCCE32703ACAB9A45E1 /* PBXTargetDependency */,
				320A737074758E53BA54BE91 /* PBXTargetDependency */,
				320A2827FEC940B25BC42C61 /* PBXTargetDependency */,
				320F2C48872C2E2C4DF86201 /* PBXTargetDependency */,
				320A5A189C235877202780D1 /* PBXTargetDependency */,
				320CC833B8AF0ACFD35E6221 /* PBXTargetDependency */,
			);
			name = HelloGirlz;
			productName = HelloGirlz;
			productReference = 2E8AAF1E14C0D2EA00891B40 /* HelloGirlz.app */;
			productType = "com.apple.product-type.application";
		};
/* End PBXNativeTarget section */

/* Begin PBXProject section */
		2E8AAF1514C0D2EA00891B40 /* Project object */ = {
			isa = PBXProject;
			attributes = {
				LastUpgradeCheck = 0420;
				ORGANIZATIONNAME = none;
			};
			buildConfigurationList = 2E8AAF1814C0D2EA00891B40 /* Build configuration list for PBXProject "HelloGirlz" */;
			compatibilityVersion = "Xcode 3.2";
			developmentRegion = English;
			hasScannedForEncodings = 0;
			knownRegions = (
				en,
			);
			mainGroup = 2E8AAF1314C0D2EA00891B40;
			productRefGroup = 2E8AAF1F14C0D2EA00891B40 /* Products */;
			projectDirPath = "";
			projectReferences = (
				{
					ProductGroup = 320D7DCCE32703ACAB9A45E3 /* Products */;
					ProjectRef = 320D7DCCE32703ACAB9A45E0 /* Three20.xcodeproj */;
				},
				{
					ProductGroup = 320A2827FEC940B25BC42C63 /* Products */;
					ProjectRef = 320A2827FEC940B25BC42C60 /* Three20Core.xcodeproj */;
				},
				{
					ProductGroup = 320A5A189C235877202780D3 /* Products */;
					ProjectRef = 320A5A189C235877202780D0 /* Three20Network.xcodeproj */;
				},
				{
					ProductGroup = 320CC833B8AF0ACFD35E6223 /* Products */;
					ProjectRef = 320CC833B8AF0ACFD35E6220 /* Three20Style.xcodeproj */;
				},
				{
					ProductGroup = 320F2C48872C2E2C4DF86203 /* Products */;
					ProjectRef = 320F2C48872C2E2C4DF86200 /* Three20UI.xcodeproj */;
				},
				{
					ProductGroup = 3201088596B4756681693703 /* Products */;
					ProjectRef = 3201088596B4756681693700 /* Three20UICommon.xcodeproj */;
				},
				{
					ProductGroup = 320A737074758E53BA54BE93 /* Products */;
					ProjectRef = 320A737074758E53BA54BE90 /* Three20UINavigator.xcodeproj */;
				},
			);
			projectRoot = "";
			targets = (
				2E8AAF1D14C0D2EA00891B40 /* HelloGirlz */,
			);
		};
/* End PBXProject section */

/* Begin PBXReferenceProxy section */
		2E159F4314EF095F0024959C /* Three20UnitTests.octest */ = {
			isa = PBXReferenceProxy;
			fileType = wrapper.cfbundle;
			path = Three20UnitTests.octest;
			remoteRef = 2E159F4214EF095F0024959C /* PBXContainerItemProxy */;
			sourceTree = BUILT_PRODUCTS_DIR;
		};
		2E159F4614EF095F0024959C /* CoreUnitTests.octest */ = {
			isa = PBXReferenceProxy;
			fileType = wrapper.cfbundle;
			path = CoreUnitTests.octest;
			remoteRef = 2E159F4514EF095F0024959C /* PBXContainerItemProxy */;
			sourceTree = BUILT_PRODUCTS_DIR;
		};
		2E159F4914EF095F0024959C /* NetworkUnitTests.octest */ = {
			isa = PBXReferenceProxy;
			fileType = wrapper.cfbundle;
			path = NetworkUnitTests.octest;
			remoteRef = 2E159F4814EF095F0024959C /* PBXContainerItemProxy */;
			sourceTree = BUILT_PRODUCTS_DIR;
		};
		2E159F4C14EF095F0024959C /* StyleUnitTests.octest */ = {
			isa = PBXReferenceProxy;
			fileType = wrapper.cfbundle;
			path = StyleUnitTests.octest;
			remoteRef = 2E159F4B14EF095F0024959C /* PBXContainerItemProxy */;
			sourceTree = BUILT_PRODUCTS_DIR;
		};
		2E159F4F14EF095F0024959C /* UIUnitTests.octest */ = {
			isa = PBXReferenceProxy;
			fileType = wrapper.cfbundle;
			path = UIUnitTests.octest;
			remoteRef = 2E159F4E14EF095F0024959C /* PBXContainerItemProxy */;
			sourceTree = BUILT_PRODUCTS_DIR;
		};
		2E159F5214EF095F0024959C /* UICommonUnitTests.octest */ = {
			isa = PBXReferenceProxy;
			fileType = wrapper.cfbundle;
			path = UICommonUnitTests.octest;
			remoteRef = 2E159F5114EF095F0024959C /* PBXContainerItemProxy */;
			sourceTree = BUILT_PRODUCTS_DIR;
		};
		2E159F5514EF095F0024959C /* UINavigatorUnitTests.octest */ = {
			isa = PBXReferenceProxy;
			fileType = wrapper.cfbundle;
			path = UINavigatorUnitTests.octest;
			remoteRef = 2E159F5414EF095F0024959C /* PBXContainerItemProxy */;
			sourceTree = BUILT_PRODUCTS_DIR;
		};
		3201088596B4756681693704 /* libThree20UICommon.a */ = {
			isa = PBXReferenceProxy;
			fileType = archive.ar;
			path = libThree20UICommon.a;
			remoteRef = 3201088596B4756681693706 /* PBXContainerItemProxy */;
			sourceTree = BUILT_PRODUCTS_DIR;
		};
		320A2827FEC940B25BC42C64 /* libThree20Core.a */ = {
			isa = PBXReferenceProxy;
			fileType = archive.ar;
			path = libThree20Core.a;
			remoteRef = 320A2827FEC940B25BC42C66 /* PBXContainerItemProxy */;
			sourceTree = BUILT_PRODUCTS_DIR;
		};
		320A5A189C235877202780D4 /* libThree20Network.a */ = {
			isa = PBXReferenceProxy;
			fileType = archive.ar;
			path = libThree20Network.a;
			remoteRef = 320A5A189C235877202780D6 /* PBXContainerItemProxy */;
			sourceTree = BUILT_PRODUCTS_DIR;
		};
		320A737074758E53BA54BE94 /* libThree20UINavigator.a */ = {
			isa = PBXReferenceProxy;
			fileType = archive.ar;
			path = libThree20UINavigator.a;
			remoteRef = 320A737074758E53BA54BE96 /* PBXContainerItemProxy */;
			sourceTree = BUILT_PRODUCTS_DIR;
		};
		320CC833B8AF0ACFD35E6224 /* libThree20Style.a */ = {
			isa = PBXReferenceProxy;
			fileType = archive.ar;
			path = libThree20Style.a;
			remoteRef = 320CC833B8AF0ACFD35E6226 /* PBXContainerItemProxy */;
			sourceTree = BUILT_PRODUCTS_DIR;
		};
		320D7DCCE32703ACAB9A45E4 /* libThree20.a */ = {
			isa = PBXReferenceProxy;
			fileType = archive.ar;
			path = libThree20.a;
			remoteRef = 320D7DCCE32703ACAB9A45E6 /* PBXContainerItemProxy */;
			sourceTree = BUILT_PRODUCTS_DIR;
		};
		320F2C48872C2E2C4DF86204 /* libThree20UI.a */ = {
			isa = PBXReferenceProxy;
			fileType = archive.ar;
			path = libThree20UI.a;
			remoteRef = 320F2C48872C2E2C4DF86206 /* PBXContainerItemProxy */;
			sourceTree = BUILT_PRODUCTS_DIR;
		};
/* End PBXReferenceProxy section */

/* Begin PBXResourcesBuildPhase section */
		2E8AAF1C14C0D2EA00891B40 /* Resources */ = {
			isa = PBXResourcesBuildPhase;
			buildActionMask = 2147483647;
			files = (
				320B6C86F11D9990244A9731 /* Three20.bundle in Resources */,
				2E8AAF2D14C0D2EA00891B40 /* InfoPlist.strings in Resources */,
				2E8AAF3614C0D2EA00891B40 /* MainStoryboard_iPhone.storyboard in Resources */,
				2E8AAF3914C0D2EA00891B40 /* MainStoryboard_iPad.storyboard in Resources */,
				2E8AAF3E14C0D2EA00891B40 /* first.png in Resources */,
				2E8AAF4014C0D2EA00891B40 /* first@2x.png in Resources */,
				2E8AAF4514C0D2EA00891B40 /* second.png in Resources */,
				2E8AAF4714C0D2EA00891B40 /* second@2x.png in Resources */,
				2E4F657814C0E18D00A7E4E3 /* ar.jpg in Resources */,
				2E4F657914C0E18D00A7E4E3 /* asiat.jpg in Resources */,
				2E4F657A14C0E18D00A7E4E3 /* bc.jpg in Resources */,
				2E4F657B14C0E18D00A7E4E3 /* bm.jpg in Resources */,
				2E4F657C14C0E18D00A7E4E3 /* BMA.jpg in Resources */,
				2E4F657D14C0E18D00A7E4E3 /* bt.jpg in Resources */,
				2E4F657E14C0E18D00A7E4E3 /* db.jpg in Resources */,
				2E4F657F14C0E18D00A7E4E3 /* dd.jpeg in Resources */,
				2E5D726314CE0FF9009B867D /* blank.jpg in Resources */,
				2E07125914D75D3900F208F6 /* UIButtonBarRefresh.png in Resources */,
				2E3BF31014E830FA00C4DA26 /* blackArrow.png in Resources */,
				2E3BF31114E830FA00C4DA26 /* blackArrow@2x.png in Resources */,
				2E3BF31214E830FA00C4DA26 /* blueArrow.png in Resources */,
				2E3BF31314E830FA00C4DA26 /* blueArrow@2x.png in Resources */,
				2E3BF31414E830FA00C4DA26 /* grayArrow.png in Resources */,
				2E3BF31514E830FA00C4DA26 /* grayArrow@2x.png in Resources */,
				2E3BF31614E830FA00C4DA26 /* whiteArrow.png in Resources */,
				2E3BF31714E830FA00C4DA26 /* whiteArrow@2x.png in Resources */,
			);
			runOnlyForDeploymentPostprocessing = 0;
		};
/* End PBXResourcesBuildPhase section */

/* Begin PBXSourcesBuildPhase section */
		2E8AAF1A14C0D2EA00891B40 /* Sources */ = {
			isa = PBXSourcesBuildPhase;
			buildActionMask = 2147483647;
			files = (
				2E8AAF2F14C0D2EA00891B40 /* main.m in Sources */,
				2E8AAF3314C0D2EA00891B40 /* HGAppDelegate.m in Sources */,
				2E8AAF3C14C0D2EA00891B40 /* HGFirstViewController.m in Sources */,
				2E8AAF4314C0D2EA00891B40 /* HGSecondViewController.m in Sources */,
				2EB9E3A314C4B9EC00539073 /* HelloApi.m in Sources */,
				2EB9E3A714C4C41E00539073 /* XPathQuery.m in Sources */,
				2E12A8EF14C7816300A261A0 /* BonjourMadameApi.m in Sources */,
				2E33E52014C8A072009C986D /* Constants.m in Sources */,
				2ECA433014C8D9F900562E40 /* BonsoirMadamoiselleApi.m in Sources */,
				2ECA433414C8DCAA00562E40 /* BonjourTetonApi.m in Sources */,
				2ECA433714C8DD2500562E40 /* AuRevoirMadameApi.m in Sources */,
				2ECA433A14C8DD8500562E40 /* SeinDuJourApi.m in Sources */,
				2ECA433D14C8DE0400562E40 /* BonjourAsiatApi.m in Sources */,
				2ECA434014C8DEA600562E40 /* BonjourTatoosApi.m in Sources */,
				2ECA434314C8E05F00562E40 /* DailyDemoiseilleApi.m in Sources */,
				2ECA434614C8E23A00562E40 /* OneDayOneBabeApi.m in Sources */,
				2ED654EC14CF74560093E7D1 /* BonjourCulApi.m in Sources */,
				2E3BF2FC14E8306C00C4DA26 /* HorizontalTableCell.m in Sources */,
				2E3BF2FD14E8306C00C4DA26 /* MadameCell.m in Sources */,
				2E3BF30F14E830FA00C4DA26 /* EGORefreshTableHeaderView.m in Sources */,
				5C8AC56D14E9C94E00602D2B /* BonjourLatine.m in Sources */,
				5C8AC57014E9CBA800602D2B /* BonjourDecollete.m in Sources */,
			);
			runOnlyForDeploymentPostprocessing = 0;
		};
/* End PBXSourcesBuildPhase section */

/* Begin PBXTargetDependency section */
		3201088596B4756681693701 /* PBXTargetDependency */ = {
			isa = PBXTargetDependency;
			name = Three20UICommon;
			targetProxy = 3201088596B4756681693702 /* PBXContainerItemProxy */;
		};
		320A2827FEC940B25BC42C61 /* PBXTargetDependency */ = {
			isa = PBXTargetDependency;
			name = Three20Core;
			targetProxy = 320A2827FEC940B25BC42C62 /* PBXContainerItemProxy */;
		};
		320A5A189C235877202780D1 /* PBXTargetDependency */ = {
			isa = PBXTargetDependency;
			name = Three20Network;
			targetProxy = 320A5A189C235877202780D2 /* PBXContainerItemProxy */;
		};
		320A737074758E53BA54BE91 /* PBXTargetDependency */ = {
			isa = PBXTargetDependency;
			name = Three20UINavigator;
			targetProxy = 320A737074758E53BA54BE92 /* PBXContainerItemProxy */;
		};
		320CC833B8AF0ACFD35E6221 /* PBXTargetDependency */ = {
			isa = PBXTargetDependency;
			name = Three20Style;
			targetProxy = 320CC833B8AF0ACFD35E6222 /* PBXContainerItemProxy */;
		};
		320D7DCCE32703ACAB9A45E1 /* PBXTargetDependency */ = {
			isa = PBXTargetDependency;
			name = Three20;
			targetProxy = 320D7DCCE32703ACAB9A45E2 /* PBXContainerItemProxy */;
		};
		320F2C48872C2E2C4DF86201 /* PBXTargetDependency */ = {
			isa = PBXTargetDependency;
			name = Three20UI;
			targetProxy = 320F2C48872C2E2C4DF86202 /* PBXContainerItemProxy */;
		};
/* End PBXTargetDependency section */

/* Begin PBXVariantGroup section */
		2E8AAF2B14C0D2EA00891B40 /* InfoPlist.strings */ = {
			isa = PBXVariantGroup;
			children = (
				2E8AAF2C14C0D2EA00891B40 /* en */,
			);
			name = InfoPlist.strings;
			sourceTree = "<group>";
		};
		2E8AAF3414C0D2EA00891B40 /* MainStoryboard_iPhone.storyboard */ = {
			isa = PBXVariantGroup;
			children = (
				2E8AAF3514C0D2EA00891B40 /* en */,
			);
			name = MainStoryboard_iPhone.storyboard;
			sourceTree = "<group>";
		};
		2E8AAF3714C0D2EA00891B40 /* MainStoryboard_iPad.storyboard */ = {
			isa = PBXVariantGroup;
			children = (
				2E8AAF3814C0D2EA00891B40 /* en */,
			);
			name = MainStoryboard_iPad.storyboard;
			sourceTree = "<group>";
		};
/* End PBXVariantGroup section */

/* Begin XCBuildConfiguration section */
		2E8AAF4814C0D2EA00891B40 /* Debug */ = {
			isa = XCBuildConfiguration;
			buildSettings = {
				ALWAYS_SEARCH_USER_PATHS = YES;
				ARCHS = "$(ARCHS_STANDARD_32_BIT)";
				CLANG_ENABLE_OBJC_ARC = YES;
				"CODE_SIGN_IDENTITY[sdk=iphoneos*]" = "iPhone Developer";
				COPY_PHASE_STRIP = NO;
				GCC_C_LANGUAGE_STANDARD = gnu99;
				GCC_DYNAMIC_NO_PIC = NO;
				GCC_OPTIMIZATION_LEVEL = 0;
				GCC_PREPROCESSOR_DEFINITIONS = (
					"DEBUG=1",
					"$(inherited)",
				);
				GCC_SYMBOLS_PRIVATE_EXTERN = NO;
				GCC_VERSION = com.apple.compilers.llvm.clang.1_0;
				GCC_WARN_ABOUT_MISSING_PROTOTYPES = YES;
				GCC_WARN_ABOUT_RETURN_TYPE = YES;
				GCC_WARN_UNUSED_VARIABLE = YES;
				HEADER_SEARCH_PATHS = (
					"$(BUILT_PRODUCTS_DIR)/../three20",
					"$(BUILT_PRODUCTS_DIR)/../../three20",
					../three20/Build/Products/three20,
				);
				"HEADER_SEARCH_PATHS[arch=*]" = "$(SDKROOT)/usr/include/libxml2";
				IPHONEOS_DEPLOYMENT_TARGET = 5.0;
				OTHER_LDFLAGS = "-ObjC";
				"OTHER_LDFLAGS[arch=*]" = "-lxml2";
				SDKROOT = iphoneos;
				TARGETED_DEVICE_FAMILY = "1,2";
				USER_HEADER_SEARCH_PATHS = "\"$(BUILT_PRODUCTS_DIR)/../three20\"/** \"$(BUILT_PRODUCTS_DIR)/../../three20\"/** ../three20/Build/Products/three20/**";
			};
			name = Debug;
		};
		2E8AAF4914C0D2EA00891B40 /* Release */ = {
			isa = XCBuildConfiguration;
			buildSettings = {
				ALWAYS_SEARCH_USER_PATHS = YES;
				ARCHS = "$(ARCHS_STANDARD_32_BIT)";
				CLANG_ENABLE_OBJC_ARC = YES;
				"CODE_SIGN_IDENTITY[sdk=iphoneos*]" = "iPhone Developer";
				COPY_PHASE_STRIP = YES;
				GCC_C_LANGUAGE_STANDARD = gnu99;
				GCC_VERSION = com.apple.compilers.llvm.clang.1_0;
				GCC_WARN_ABOUT_MISSING_PROTOTYPES = YES;
				GCC_WARN_ABOUT_RETURN_TYPE = YES;
				GCC_WARN_UNUSED_VARIABLE = YES;
				HEADER_SEARCH_PATHS = (
					"$(BUILT_PRODUCTS_DIR)/../three20",
					"$(BUILT_PRODUCTS_DIR)/../../three20",
					../three20/Build/Products/three20,
				);
				"HEADER_SEARCH_PATHS[arch=*]" = "$(SDKROOT)/usr/include/libxml2";
				IPHONEOS_DEPLOYMENT_TARGET = 5.0;
				OTHER_CFLAGS = "-DNS_BLOCK_ASSERTIONS=1";
				OTHER_LDFLAGS = "-ObjC";
				"OTHER_LDFLAGS[arch=*]" = "-lxml2";
				"PROVISIONING_PROFILE[sdk=iphoneos*]" = "";
				SDKROOT = iphoneos;
				TARGETED_DEVICE_FAMILY = "1,2";
				USER_HEADER_SEARCH_PATHS = "\"$(BUILT_PRODUCTS_DIR)/../three20\"/** \"$(BUILT_PRODUCTS_DIR)/../../three20\"/** ../three20/Build/Products/three20/**";
				VALIDATE_PRODUCT = YES;
			};
			name = Release;
		};
		2E8AAF4B14C0D2EA00891B40 /* Debug */ = {
			isa = XCBuildConfiguration;
			buildSettings = {
				GCC_PRECOMPILE_PREFIX_HEADER = YES;
				GCC_PREFIX_HEADER = "HelloGirlz/HelloGirlz-Prefix.pch";
				"HEADER_SEARCH_PATHS[arch=*]" = "$(SDKROOT)/usr/include/libxml2";
				INFOPLIST_FILE = "HelloGirlz/HelloGirlz-Info.plist";
				IPHONEOS_DEPLOYMENT_TARGET = 5.0;
				LIBRARY_SEARCH_PATHS = (
					"$(inherited)",
					"\"$(SRCROOT)/HelloGirlz\"",
					"\"$(SRCROOT)\"",
				);
				PRODUCT_NAME = "$(TARGET_NAME)";
				TARGETED_DEVICE_FAMILY = 1;
				WRAPPER_EXTENSION = app;
			};
			name = Debug;
		};
		2E8AAF4C14C0D2EA00891B40 /* Release */ = {
			isa = XCBuildConfiguration;
			buildSettings = {
				GCC_PRECOMPILE_PREFIX_HEADER = YES;
				GCC_PREFIX_HEADER = "HelloGirlz/HelloGirlz-Prefix.pch";
				"HEADER_SEARCH_PATHS[arch=*]" = "$(SDKROOT)/usr/include/libxml2";
				INFOPLIST_FILE = "HelloGirlz/HelloGirlz-Info.plist";
				IPHONEOS_DEPLOYMENT_TARGET = 5.0;
				LIBRARY_SEARCH_PATHS = (
					"$(inherited)",
					"\"$(SRCROOT)/HelloGirlz\"",
					"\"$(SRCROOT)\"",
				);
				PRODUCT_NAME = "$(TARGET_NAME)";
				TARGETED_DEVICE_FAMILY = 1;
				WRAPPER_EXTENSION = app;
			};
			name = Release;
		};
/* End XCBuildConfiguration section */

/* Begin XCConfigurationList section */
		2E8AAF1814C0D2EA00891B40 /* Build configuration list for PBXProject "HelloGirlz" */ = {
			isa = XCConfigurationList;
			buildConfigurations = (
				2E8AAF4814C0D2EA00891B40 /* Debug */,
				2E8AAF4914C0D2EA00891B40 /* Release */,
			);
			defaultConfigurationIsVisible = 0;
			defaultConfigurationName = Release;
		};
		2E8AAF4A14C0D2EA00891B40 /* Build configuration list for PBXNativeTarget "HelloGirlz" */ = {
			isa = XCConfigurationList;
			buildConfigurations = (
				2E8AAF4B14C0D2EA00891B40 /* Debug */,
				2E8AAF4C14C0D2EA00891B40 /* Release */,
			);
			defaultConfigurationIsVisible = 0;
			defaultConfigurationName = Release;
		};
/* End XCConfigurationList section */
	};
	rootObject = 2E8AAF1514C0D2EA00891B40 /* Project object */;
}
